
Microsoft Visual Studio Solution File, Format Version 12.00
# Visual Studio Version 17
VisualStudioVersion = 17.0.32112.339
MinimumVisualStudioVersion = 10.0.40219.1
Project("{FAE04EC0-301F-11D3-BF4B-00C04F79EFBC}") = "Pushy", "Pushy\Pushy.csproj", "{0188D089-8019-4C74-A07F-A858C436D990}"
EndProject
Global
	GlobalSection(SolutionConfigurationPlatforms) = preSolution
		Debug|Any CPU = Debug|Any CPU
		Release|Any CPU = Release|Any CPU
	EndGlobalSection
	GlobalSection(ProjectConfigurationPlatforms) = postSolution
		{0188D089-8019-4C74-A07F-A858C436D990}.Debug|Any CPU.ActiveCfg = Debug|Any CPU
		{0188D089-8019-4C74-A07F-A858C436D990}.Debug|Any CPU.Build.0 = Debug|Any CPU
		{0188D089-8019-4C74-A07F-A858C436D990}.Release|Any CPU.ActiveCfg = Release|Any CPU
		{0188D089-8019-4C74-A07F-A858C436D990}.Release|Any CPU.Build.0 = Release|Any CPU
	EndGlobalSection
	GlobalSection(SolutionProperties) = preSolution
		HideSolutionNode = FALSE
	EndGlobalSection
	GlobalSection(ExtensibilityGlobals) = postSolution
		SolutionGuid = {D6527B54-5B95-4A54-9461-CDCAFE236221}
	EndGlobalSection
EndGlobal
